
Microsoft Visual Studio Solution File, Format Version 12.00
# Visual Studio Version 17
VisualStudioVersion = 17.0.31903.59
MinimumVisualStudioVersion = 10.0.40219.1
Project("{FAE04EC0-301F-11D3-BF4B-00C04F79EFBC}") = "ApiGateway", "ApiGateway\ApiGateway.csproj", "{18263FDF-8B47-4034-97B1-F2D5B73AED58}"
EndProject
Project("{FAE04EC0-301F-11D3-BF4B-00C04F79EFBC}") = "Basket.API", "Basket.API\Basket.API.csproj", "{EBC26111-4558-44F4-A374-64E7D0244BAE}"
EndProject
Project("{FAE04EC0-301F-11D3-BF4B-00C04F79EFBC}") = "Catalog.API", "Catalog.API\Catalog.API.csproj", "{936649CB-AF6F-43EB-8931-F1F1D69CA15C}"
EndProject
Project("{FAE04EC0-301F-11D3-BF4B-00C04F79EFBC}") = "Common", "Common\Common.csproj", "{2C398F17-A7FB-4FF6-8498-E8786F4C0BAC}"
EndProject
Project("{FAE04EC0-301F-11D3-BF4B-00C04F79EFBC}") = "EventBus", "EventBus\EventBus.csproj", "{942E6ABA-6C36-4351-8457-C89C09298595}"
EndProject
Project("{FAE04EC0-301F-11D3-BF4B-00C04F79EFBC}") = "Identity.API", "Identity.API\Identity.API.csproj", "{3D9555DD-11CA-4B01-A248-496CA04144AF}"
EndProject
Project("{FAE04EC0-301F-11D3-BF4B-00C04F79EFBC}") = "Ordering.API", "Ordering.API\Ordering.API.csproj", "{5EEBBBED-1449-4041-992A-CFE4C7AAF893}"
EndProject
Global
	GlobalSection(SolutionConfigurationPlatforms) = preSolution
		Debug|Any CPU = Debug|Any CPU
		Debug|x64 = Debug|x64
		Debug|x86 = Debug|x86
		Release|Any CPU = Release|Any CPU
		Release|x64 = Release|x64
		Release|x86 = Release|x86
	EndGlobalSection
	GlobalSection(ProjectConfigurationPlatforms) = postSolution
		{18263FDF-8B47-4034-97B1-F2D5B73AED58}.Debug|Any CPU.ActiveCfg = Debug|Any CPU
		{18263FDF-8B47-4034-97B1-F2D5B73AED58}.Debug|Any CPU.Build.0 = Debug|Any CPU
		{18263FDF-8B47-4034-97B1-F2D5B73AED58}.Debug|x64.ActiveCfg = Debug|Any CPU
		{18263FDF-8B47-4034-97B1-F2D5B73AED58}.Debug|x64.Build.0 = Debug|Any CPU
		{18263FDF-8B47-4034-97B1-F2D5B73AED58}.Debug|x86.ActiveCfg = Debug|Any CPU
		{18263FDF-8B47-4034-97B1-F2D5B73AED58}.Debug|x86.Build.0 = Debug|Any CPU
		{18263FDF-8B47-4034-97B1-F2D5B73AED58}.Release|Any CPU.ActiveCfg = Release|Any CPU
		{18263FDF-8B47-4034-97B1-F2D5B73AED58}.Release|Any CPU.Build.0 = Release|Any CPU
		{18263FDF-8B47-4034-97B1-F2D5B73AED58}.Release|x64.ActiveCfg = Release|Any CPU
		{18263FDF-8B47-4034-97B1-F2D5B73AED58}.Release|x64.Build.0 = Release|Any CPU
		{18263FDF-8B47-4034-97B1-F2D5B73AED58}.Release|x86.ActiveCfg = Release|Any CPU
		{18263FDF-8B47-4034-97B1-F2D5B73AED58}.Release|x86.Build.0 = Release|Any CPU
		{EBC26111-4558-44F4-A374-64E7D0244BAE}.Debug|Any CPU.ActiveCfg = Debug|Any CPU
		{EBC26111-4558-44F4-A374-64E7D0244BAE}.Debug|Any CPU.Build.0 = Debug|Any CPU
		{EBC26111-4558-44F4-A374-64E7D0244BAE}.Debug|x64.ActiveCfg = Debug|Any CPU
		{EBC26111-4558-44F4-A374-64E7D0244BAE}.Debug|x64.Build.0 = Debug|Any CPU
		{EBC26111-4558-44F4-A374-64E7D0244BAE}.Debug|x86.ActiveCfg = Debug|Any CPU
		{EBC26111-4558-44F4-A374-64E7D0244BAE}.Debug|x86.Build.0 = Debug|Any CPU
		{EBC26111-4558-44F4-A374-64E7D0244BAE}.Release|Any CPU.ActiveCfg = Release|Any CPU
		{EBC26111-4558-44F4-A374-64E7D0244BAE}.Release|Any CPU.Build.0 = Release|Any CPU
		{EBC26111-4558-44F4-A374-64E7D0244BAE}.Release|x64.ActiveCfg = Release|Any CPU
		{EBC26111-4558-44F4-A374-64E7D0244BAE}.Release|x64.Build.0 = Release|Any CPU
		{EBC26111-4558-44F4-A374-64E7D0244BAE}.Release|x86.ActiveCfg = Release|Any CPU
		{EBC26111-4558-44F4-A374-64E7D0244BAE}.Release|x86.Build.0 = Release|Any CPU
		{936649CB-AF6F-43EB-8931-F1F1D69CA15C}.Debug|Any CPU.ActiveCfg = Debug|Any CPU
		{936649CB-AF6F-43EB-8931-F1F1D69CA15C}.Debug|Any CPU.Build.0 = Debug|Any CPU
		{936649CB-AF6F-43EB-8931-F1F1D69CA15C}.Debug|x64.ActiveCfg = Debug|Any CPU
		{936649CB-AF6F-43EB-8931-F1F1D69CA15C}.Debug|x64.Build.0 = Debug|Any CPU
		{936649CB-AF6F-43EB-8931-F1F1D69CA15C}.Debug|x86.ActiveCfg = Debug|Any CPU
		{936649CB-AF6F-43EB-8931-F1F1D69CA15C}.Debug|x86.Build.0 = Debug|Any CPU
		{936649CB-AF6F-43EB-8931-F1F1D69CA15C}.Release|Any CPU.ActiveCfg = Release|Any CPU
		{936649CB-AF6F-43EB-8931-F1F1D69CA15C}.Release|Any CPU.Build.0 = Release|Any CPU
		{936649CB-AF6F-43EB-8931-F1F1D69CA15C}.Release|x64.ActiveCfg = Release|Any CPU
		{936649CB-AF6F-43EB-8931-F1F1D69CA15C}.Release|x64.Build.0 = Release|Any CPU
		{936649CB-AF6F-43EB-8931-F1F1D69CA15C}.Release|x86.ActiveCfg = Release|Any CPU
		{936649CB-AF6F-43EB-8931-F1F1D69CA15C}.Release|x86.Build.0 = Release|Any CPU
		{2C398F17-A7FB-4FF6-8498-E8786F4C0BAC}.Debug|Any CPU.ActiveCfg = Debug|Any CPU
		{2C398F17-A7FB-4FF6-8498-E8786F4C0BAC}.Debug|Any CPU.Build.0 = Debug|Any CPU
		{2C398F17-A7FB-4FF6-8498-E8786F4C0BAC}.Debug|x64.ActiveCfg = Debug|Any CPU
		{2C398F17-A7FB-4FF6-8498-E8786F4C0BAC}.Debug|x64.Build.0 = Debug|Any CPU
		{2C398F17-A7FB-4FF6-8498-E8786F4C0BAC}.Debug|x86.ActiveCfg = Debug|Any CPU
		{2C398F17-A7FB-4FF6-8498-E8786F4C0BAC}.Debug|x86.Build.0 = Debug|Any CPU
		{2C398F17-A7FB-4FF6-8498-E8786F4C0BAC}.Release|Any CPU.ActiveCfg = Release|Any CPU
		{2C398F17-A7FB-4FF6-8498-E8786F4C0BAC}.Release|Any CPU.Build.0 = Release|Any CPU
		{2C398F17-A7FB-4FF6-8498-E8786F4C0BAC}.Release|x64.ActiveCfg = Release|Any CPU
		{2C398F17-A7FB-4FF6-8498-E8786F4C0BAC}.Release|x64.Build.0 = Release|Any CPU
		{2C398F17-A7FB-4FF6-8498-E8786F4C0BAC}.Release|x86.ActiveCfg = Release|Any CPU
		{2C398F17-A7FB-4FF6-8498-E8786F4C0BAC}.Release|x86.Build.0 = Release|Any CPU
		{942E6ABA-6C36-4351-8457-C89C09298595}.Debug|Any CPU.ActiveCfg = Debug|Any CPU
		{942E6ABA-6C36-4351-8457-C89C09298595}.Debug|Any CPU.Build.0 = Debug|Any CPU
		{942E6ABA-6C36-4351-8457-C89C09298595}.Debug|x64.ActiveCfg = Debug|Any CPU
		{942E6ABA-6C36-4351-8457-C89C09298595}.Debug|x64.Build.0 = Debug|Any CPU
		{942E6ABA-6C36-4351-8457-C89C09298595}.Debug|x86.ActiveCfg = Debug|Any CPU
		{942E6ABA-6C36-4351-8457-C89C09298595}.Debug|x86.Build.0 = Debug|Any CPU
		{942E6ABA-6C36-4351-8457-C89C09298595}.Release|Any CPU.ActiveCfg = Release|Any CPU
		{942E6ABA-6C36-4351-8457-C89C09298595}.Release|Any CPU.Build.0 = Release|Any CPU
		{942E6ABA-6C36-4351-8457-C89C09298595}.Release|x64.ActiveCfg = Release|Any CPU
		{942E6ABA-6C36-4351-8457-C89C09298595}.Release|x64.Build.0 = Release|Any CPU
		{942E6ABA-6C36-4351-8457-C89C09298595}.Release|x86.ActiveCfg = Release|Any CPU
		{942E6ABA-6C36-4351-8457-C89C09298595}.Release|x86.Build.0 = Release|Any CPU
		{3D9555DD-11CA-4B01-A248-496CA04144AF}.Debug|Any CPU.ActiveCfg = Debug|Any CPU
		{3D9555DD-11CA-4B01-A248-496CA04144AF}.Debug|Any CPU.Build.0 = Debug|Any CPU
		{3D9555DD-11CA-4B01-A248-496CA04144AF}.Debug|x64.ActiveCfg = Debug|Any CPU
		{3D9555DD-11CA-4B01-A248-496CA04144AF}.Debug|x64.Build.0 = Debug|Any CPU
		{3D9555DD-11CA-4B01-A248-496CA04144AF}.Debug|x86.ActiveCfg = Debug|Any CPU
		{3D9555DD-11CA-4B01-A248-496CA04144AF}.Debug|x86.Build.0 = Debug|Any CPU
		{3D9555DD-11CA-4B01-A248-496CA04144AF}.Release|Any CPU.ActiveCfg = Release|Any CPU
		{3D9555DD-11CA-4B01-A248-496CA04144AF}.Release|Any CPU.Build.0 = Release|Any CPU
		{3D9555DD-11CA-4B01-A248-496CA04144AF}.Release|x64.ActiveCfg = Release|Any CPU
		{3D9555DD-11CA-4B01-A248-496CA04144AF}.Release|x64.Build.0 = Release|Any CPU
		{3D9555DD-11CA-4B01-A248-496CA04144AF}.Release|x86.ActiveCfg = Release|Any CPU
		{3D9555DD-11CA-4B01-A248-496CA04144AF}.Release|x86.Build.0 = Release|Any CPU
		{5EEBBBED-1449-4041-992A-CFE4C7AAF893}.Debug|Any CPU.ActiveCfg = Debug|Any CPU
		{5EEBBBED-1449-4041-992A-CFE4C7AAF893}.Debug|Any CPU.Build.0 = Debug|Any CPU
		{5EEBBBED-1449-4041-992A-CFE4C7AAF893}.Debug|x64.ActiveCfg = Debug|Any CPU
		{5EEBBBED-1449-4041-992A-CFE4C7AAF893}.Debug|x64.Build.0 = Debug|Any CPU
		{5EEBBBED-1449-4041-992A-CFE4C7AAF893}.Debug|x86.ActiveCfg = Debug|Any CPU
		{5EEBBBED-1449-4041-992A-CFE4C7AAF893}.Debug|x86.Build.0 = Debug|Any CPU
		{5EEBBBED-1449-4041-992A-CFE4C7AAF893}.Release|Any CPU.ActiveCfg = Release|Any CPU
		{5EEBBBED-1449-4041-992A-CFE4C7AAF893}.Release|Any CPU.Build.0 = Release|Any CPU
		{5EEBBBED-1449-4041-992A-CFE4C7AAF893}.Release|x64.ActiveCfg = Release|Any CPU
		{5EEBBBED-1449-4041-992A-CFE4C7AAF893}.Release|x64.Build.0 = Release|Any CPU
		{5EEBBBED-1449-4041-992A-CFE4C7AAF893}.Release|x86.ActiveCfg = Release|Any CPU
		{5EEBBBED-1449-4041-992A-CFE4C7AAF893}.Release|x86.Build.0 = Release|Any CPU
	EndGlobalSection
	GlobalSection(SolutionProperties) = preSolution
		HideSolutionNode = FALSE
	EndGlobalSection
EndGlobal
